// !$*UTF8*$!
{
	archiveVersion = 1;
	classes = {
	};
	objectVersion = 50;
	objects = {

/* Begin PBXBuildFile section */
		A873B041243C11F500D2A549 /* AppDelegate.swift in Sources */ = {isa = PBXBuildFile; fileRef = A873B040243C11F500D2A549 /* AppDelegate.swift */; };
		A873B043243C11F500D2A549 /* SceneDelegate.swift in Sources */ = {isa = PBXBuildFile; fileRef = A873B042243C11F500D2A549 /* SceneDelegate.swift */; };
		A873B045243C11F500D2A549 /* ContentView.swift in Sources */ = {isa = PBXBuildFile; fileRef = A873B044243C11F500D2A549 /* ContentView.swift */; };
		A873B047243C11F600D2A549 /* Assets.xcassets in Resources */ = {isa = PBXBuildFile; fileRef = A873B046243C11F600D2A549 /* Assets.xcassets */; };
		A873B04A243C11F600D2A549 /* Preview Assets.xcassets in Resources */ = {isa = PBXBuildFile; fileRef = A873B049243C11F600D2A549 /* Preview Assets.xcassets */; };
		A873B04D243C11F600D2A549 /* LaunchScreen.storyboard in Resources */ = {isa = PBXBuildFile; fileRef = A873B04B243C11F600D2A549 /* LaunchScreen.storyboard */; };
		A873B058243C11F600D2A549 /* sarahs_tentTests.swift in Sources */ = {isa = PBXBuildFile; fileRef = A873B057243C11F600D2A549 /* sarahs_tentTests.swift */; };
		A873B063243C11F600D2A549 /* sarahs_tentUITests.swift in Sources */ = {isa = PBXBuildFile; fileRef = A873B062243C11F600D2A549 /* sarahs_tentUITests.swift */; };
/* End PBXBuildFile section */

/* Begin PBXContainerItemProxy section */
		A873B054243C11F600D2A549 /* PBXContainerItemProxy */ = {
			isa = PBXContainerItemProxy;
			containerPortal = A873B035243C11F500D2A549 /* Project object */;
			proxyType = 1;
			remoteGlobalIDString = A873B03C243C11F500D2A549;
			remoteInfo = "sarahs-tent";
		};
		A873B05F243C11F600D2A549 /* PBXContainerItemProxy */ = {
			isa = PBXContainerItemProxy;
			containerPortal = A873B035243C11F500D2A549 /* Project object */;
			proxyType = 1;
			remoteGlobalIDString = A873B03C243C11F500D2A549;
			remoteInfo = "sarahs-tent";
		};
/* End PBXContainerItemProxy section */

/* Begin PBXFileReference section */
		A873B03D243C11F500D2A549 /* sarahs-tent.app */ = {isa = PBXFileReference; explicitFileType = wrapper.application; includeInIndex = 0; path = "sarahs-tent.app"; sourceTree = BUILT_PRODUCTS_DIR; };
		A873B040243C11F500D2A549 /* AppDelegate.swift */ = {isa = PBXFileReference; lastKnownFileType = sourcecode.swift; path = AppDelegate.swift; sourceTree = "<group>"; };
		A873B042243C11F500D2A549 /* SceneDelegate.swift */ = {isa = PBXFileReference; lastKnownFileType = sourcecode.swift; path = SceneDelegate.swift; sourceTree = "<group>"; };
		A873B044243C11F500D2A549 /* ContentView.swift */ = {isa = PBXFileReference; lastKnownFileType = sourcecode.swift; path = ContentView.swift; sourceTree = "<group>"; };
		A873B046243C11F600D2A549 /* Assets.xcassets */ = {isa = PBXFileReference; lastKnownFileType = folder.assetcatalog; path = Assets.xcassets; sourceTree = "<group>"; };
		A873B049243C11F600D2A549 /* Preview Assets.xcassets */ = {isa = PBXFileReference; lastKnownFileType = folder.assetcatalog; path = "Preview Assets.xcassets"; sourceTree = "<group>"; };
		A873B04C243C11F600D2A549 /* Base */ = {isa = PBXFileReference; lastKnownFileType = file.storyboard; name = Base; path = Base.lproj/LaunchScreen.storyboard; sourceTree = "<group>"; };
		A873B04E243C11F600D2A549 /* Info.plist */ = {isa = PBXFileReference; lastKnownFileType = text.plist.xml; path = Info.plist; sourceTree = "<group>"; };
		A873B053243C11F600D2A549 /* sarahs-tentTests.xctest */ = {isa = PBXFileReference; explicitFileType = wrapper.cfbundle; includeInIndex = 0; path = "sarahs-tentTests.xctest"; sourceTree = BUILT_PRODUCTS_DIR; };
		A873B057243C11F600D2A549 /* sarahs_tentTests.swift */ = {isa = PBXFileReference; lastKnownFileType = sourcecode.swift; path = sarahs_tentTests.swift; sourceTree = "<group>"; };
		A873B059243C11F600D2A549 /* Info.plist */ = {isa = PBXFileReference; lastKnownFileType = text.plist.xml; path = Info.plist; sourceTree = "<group>"; };
		A873B05E243C11F600D2A549 /* sarahs-tentUITests.xctest */ = {isa = PBXFileReference; explicitFileType = wrapper.cfbundle; includeInIndex = 0; path = "sarahs-tentUITests.xctest"; sourceTree = BUILT_PRODUCTS_DIR; };
		A873B062243C11F600D2A549 /* sarahs_tentUITests.swift */ = {isa = PBXFileReference; lastKnownFileType = sourcecode.swift; path = sarahs_tentUITests.swift; sourceTree = "<group>"; };
		A873B064243C11F600D2A549 /* Info.plist */ = {isa = PBXFileReference; lastKnownFileType = text.plist.xml; path = Info.plist; sourceTree = "<group>"; };
/* End PBXFileReference section */

/* Begin PBXFrameworksBuildPhase section */
		A873B03A243C11F500D2A549 /* Frameworks */ = {
			isa = PBXFrameworksBuildPhase;
			buildActionMask = 2147483647;
			files = (
			);
			runOnlyForDeploymentPostprocessing = 0;
		};
		A873B050243C11F600D2A549 /* Frameworks */ = {
			isa = PBXFrameworksBuildPhase;
			buildActionMask = 2147483647;
			files = (
			);
			runOnlyForDeploymentPostprocessing = 0;
		};
		A873B05B243C11F600D2A549 /* Frameworks */ = {
			isa = PBXFrameworksBuildPhase;
			buildActionMask = 2147483647;
			files = (
			);
			runOnlyForDeploymentPostprocessing = 0;
		};
/* End PBXFrameworksBuildPhase section */

/* Begin PBXGroup section */
		A873B034243C11F500D2A549 = {
			isa = PBXGroup;
			children = (
				A873B03F243C11F500D2A549 /* sarahs-tent */,
				A873B056243C11F600D2A549 /* sarahs-tentTests */,
				A873B061243C11F600D2A549 /* sarahs-tentUITests */,
				A873B03E243C11F500D2A549 /* Products */,
			);
			sourceTree = "<group>";
		};
		A873B03E243C11F500D2A549 /* Products */ = {
			isa = PBXGroup;
			children = (
				A873B03D243C11F500D2A549 /* sarahs-tent.app */,
				A873B053243C11F600D2A549 /* sarahs-tentTests.xctest */,
				A873B05E243C11F600D2A549 /* sarahs-tentUITests.xctest */,
			);
			name = Products;
			sourceTree = "<group>";
		};
		A873B03F243C11F500D2A549 /* sarahs-tent */ = {
			isa = PBXGroup;
			children = (
				A873B040243C11F500D2A549 /* AppDelegate.swift */,
				A873B042243C11F500D2A549 /* SceneDelegate.swift */,
				A873B044243C11F500D2A549 /* ContentView.swift */,
				A873B046243C11F600D2A549 /* Assets.xcassets */,
				A873B04B243C11F600D2A549 /* LaunchScreen.storyboard */,
				A873B04E243C11F600D2A549 /* Info.plist */,
				A873B048243C11F600D2A549 /* Preview Content */,
			);
			path = "sarahs-tent";
			sourceTree = "<group>";
		};
		A873B048243C11F600D2A549 /* Preview Content */ = {
			isa = PBXGroup;
			children = (
				A873B049243C11F600D2A549 /* Preview Assets.xcassets */,
			);
			path = "Preview Content";
			sourceTree = "<group>";
		};
		A873B056243C11F600D2A549 /* sarahs-tentTests */ = {
			isa = PBXGroup;
			children = (
				A873B057243C11F600D2A549 /* sarahs_tentTests.swift */,
				A873B059243C11F600D2A549 /* Info.plist */,
			);
			path = "sarahs-tentTests";
			sourceTree = "<group>";
		};
		A873B061243C11F600D2A549 /* sarahs-tentUITests */ = {
			isa = PBXGroup;
			children = (
				A873B062243C11F600D2A549 /* sarahs_tentUITests.swift */,
				A873B064243C11F600D2A549 /* Info.plist */,
			);
			path = "sarahs-tentUITests";
			sourceTree = "<group>";
		};
/* End PBXGroup section */

/* Begin PBXNativeTarget section */
		A873B03C243C11F500D2A549 /* sarahs-tent */ = {
			isa = PBXNativeTarget;
			buildConfigurationList = A873B067243C11F600D2A549 /* Build configuration list for PBXNativeTarget "sarahs-tent" */;
			buildPhases = (
				A873B039243C11F500D2A549 /* Sources */,
				A873B03A243C11F500D2A549 /* Frameworks */,
				A873B03B243C11F500D2A549 /* Resources */,
			);
			buildRules = (
			);
			dependencies = (
			);
			name = "sarahs-tent";
			productName = "sarahs-tent";
			productReference = A873B03D243C11F500D2A549 /* sarahs-tent.app */;
			productType = "com.apple.product-type.application";
		};
		A873B052243C11F600D2A549 /* sarahs-tentTests */ = {
			isa = PBXNativeTarget;
			buildConfigurationList = A873B06A243C11F600D2A549 /* Build configuration list for PBXNativeTarget "sarahs-tentTests" */;
			buildPhases = (
				A873B04F243C11F600D2A549 /* Sources */,
				A873B050243C11F600D2A549 /* Frameworks */,
				A873B051243C11F600D2A549 /* Resources */,
			);
			buildRules = (
			);
			dependencies = (
				A873B055243C11F600D2A549 /* PBXTargetDependency */,
			);
			name = "sarahs-tentTests";
			productName = "sarahs-tentTests";
			productReference = A873B053243C11F600D2A549 /* sarahs-tentTests.xctest */;
			productType = "com.apple.product-type.bundle.unit-test";
		};
		A873B05D243C11F600D2A549 /* sarahs-tentUITests */ = {
			isa = PBXNativeTarget;
			buildConfigurationList = A873B06D243C11F600D2A549 /* Build configuration list for PBXNativeTarget "sarahs-tentUITests" */;
			buildPhases = (
				A873B05A243C11F600D2A549 /* Sources */,
				A873B05B243C11F600D2A549 /* Frameworks */,
				A873B05C243C11F600D2A549 /* Resources */,
			);
			buildRules = (
			);
			dependencies = (
				A873B060243C11F600D2A549 /* PBXTargetDependency */,
			);
			name = "sarahs-tentUITests";
			productName = "sarahs-tentUITests";
			productReference = A873B05E243C11F600D2A549 /* sarahs-tentUITests.xctest */;
			productType = "com.apple.product-type.bundle.ui-testing";
		};
/* End PBXNativeTarget section */

/* Begin PBXProject section */
		A873B035243C11F500D2A549 /* Project object */ = {
			isa = PBXProject;
			attributes = {
				LastSwiftUpdateCheck = 1140;
				LastUpgradeCheck = 1140;
				ORGANIZATIONNAME = "Danielle Shemueli";
				TargetAttributes = {
					A873B03C243C11F500D2A549 = {
						CreatedOnToolsVersion = 11.4;
					};
					A873B052243C11F600D2A549 = {
						CreatedOnToolsVersion = 11.4;
						TestTargetID = A873B03C243C11F500D2A549;
					};
					A873B05D243C11F600D2A549 = {
						CreatedOnToolsVersion = 11.4;
						TestTargetID = A873B03C243C11F500D2A549;
					};
				};
			};
			buildConfigurationList = A873B038243C11F500D2A549 /* Build configuration list for PBXProject "sarahs-tent" */;
			compatibilityVersion = "Xcode 9.3";
			developmentRegion = en;
			hasScannedForEncodings = 0;
			knownRegions = (
				en,
				Base,
			);
			mainGroup = A873B034243C11F500D2A549;
			productRefGroup = A873B03E243C11F500D2A549 /* Products */;
			projectDirPath = "";
			projectRoot = "";
			targets = (
				A873B03C243C11F500D2A549 /* sarahs-tent */,
				A873B052243C11F600D2A549 /* sarahs-tentTests */,
				A873B05D243C11F600D2A549 /* sarahs-tentUITests */,
			);
		};
/* End PBXProject section */

/* Begin PBXResourcesBuildPhase section */
		A873B03B243C11F500D2A549 /* Resources */ = {
			isa = PBXResourcesBuildPhase;
			buildActionMask = 2147483647;
			files = (
				A873B04D243C11F600D2A549 /* LaunchScreen.storyboard in Resources */,
				A873B04A243C11F600D2A549 /* Preview Assets.xcassets in Resources */,
				A873B047243C11F600D2A549 /* Assets.xcassets in Resources */,
			);
			runOnlyForDeploymentPostprocessing = 0;
		};
		A873B051243C11F600D2A549 /* Resources */ = {
			isa = PBXResourcesBuildPhase;
			buildActionMask = 2147483647;
			files = (
			);
			runOnlyForDeploymentPostprocessing = 0;
		};
		A873B05C243C11F600D2A549 /* Resources */ = {
			isa = PBXResourcesBuildPhase;
			buildActionMask = 2147483647;
			files = (
			);
			runOnlyForDeploymentPostprocessing = 0;
		};
/* End PBXResourcesBuildPhase section */

/* Begin PBXSourcesBuildPhase section */
		A873B039243C11F500D2A549 /* Sources */ = {
			isa = PBXSourcesBuildPhase;
			buildActionMask = 2147483647;
			files = (
				A873B041243C11F500D2A549 /* AppDelegate.swift in Sources */,
				A873B043243C11F500D2A549 /* SceneDelegate.swift in Sources */,
				A873B045243C11F500D2A549 /* ContentView.swift in Sources */,
			);
			runOnlyForDeploymentPostprocessing = 0;
		};
		A873B04F243C11F600D2A549 /* Sources */ = {
			isa = PBXSourcesBuildPhase;
			buildActionMask = 2147483647;
			files = (
				A873B058243C11F600D2A549 /* sarahs_tentTests.swift in Sources */,
			);
			runOnlyForDeploymentPostprocessing = 0;
		};
		A873B05A243C11F600D2A549 /* Sources */ = {
			isa = PBXSourcesBuildPhase;
			buildActionMask = 2147483647;
			files = (
				A873B063243C11F600D2A549 /* sarahs_tentUITests.swift in Sources */,
			);
			runOnlyForDeploymentPostprocessing = 0;
		};
/* End PBXSourcesBuildPhase section */

/* Begin PBXTargetDependency section */
		A873B055243C11F600D2A549 /* PBXTargetDependency */ = {
			isa = PBXTargetDependency;
			target = A873B03C243C11F500D2A549 /* sarahs-tent */;
			targetProxy = A873B054243C11F600D2A549 /* PBXContainerItemProxy */;
		};
		A873B060243C11F600D2A549 /* PBXTargetDependency */ = {
			isa = PBXTargetDependency;
			target = A873B03C243C11F500D2A549 /* sarahs-tent */;
			targetProxy = A873B05F243C11F600D2A549 /* PBXContainerItemProxy */;
		};
/* End PBXTargetDependency section */

/* Begin PBXVariantGroup section */
		A873B04B243C11F600D2A549 /* LaunchScreen.storyboard */ = {
			isa = PBXVariantGroup;
			children = (
				A873B04C243C11F600D2A549 /* Base */,
			);
			name = LaunchScreen.storyboard;
			sourceTree = "<group>";
		};
/* End PBXVariantGroup section */

/* Begin XCBuildConfiguration section */
		A873B065243C11F600D2A549 /* Debug */ = {
			isa = XCBuildConfiguration;
			buildSettings = {
				ALWAYS_SEARCH_USER_PATHS = NO;
				CLANG_ANALYZER_NONNULL = YES;
				CLANG_ANALYZER_NUMBER_OBJECT_CONVERSION = YES_AGGRESSIVE;
				CLANG_CXX_LANGUAGE_STANDARD = "gnu++14";
				CLANG_CXX_LIBRARY = "libc++";
				CLANG_ENABLE_MODULES = YES;
				CLANG_ENABLE_OBJC_ARC = YES;
				CLANG_ENABLE_OBJC_WEAK = YES;
				CLANG_WARN_BLOCK_CAPTURE_AUTORELEASING = YES;
				CLANG_WARN_BOOL_CONVERSION = YES;
				CLANG_WARN_COMMA = YES;
				CLANG_WARN_CONSTANT_CONVERSION = YES;
				CLANG_WARN_DEPRECATED_OBJC_IMPLEMENTATIONS = YES;
				CLANG_WARN_DIRECT_OBJC_ISA_USAGE = YES_ERROR;
				CLANG_WARN_DOCUMENTATION_COMMENTS = YES;
				CLANG_WARN_EMPTY_BODY = YES;
				CLANG_WARN_ENUM_CONVERSION = YES;
				CLANG_WARN_INFINITE_RECURSION = YES;
				CLANG_WARN_INT_CONVERSION = YES;
				CLANG_WARN_NON_LITERAL_NULL_CONVERSION = YES;
				CLANG_WARN_OBJC_IMPLICIT_RETAIN_SELF = YES;
				CLANG_WARN_OBJC_LITERAL_CONVERSION = YES;
				CLANG_WARN_OBJC_ROOT_CLASS = YES_ERROR;
				CLANG_WARN_RANGE_LOOP_ANALYSIS = YES;
				CLANG_WARN_STRICT_PROTOTYPES = YES;
				CLANG_WARN_SUSPICIOUS_MOVE = YES;
				CLANG_WARN_UNGUARDED_AVAILABILITY = YES_AGGRESSIVE;
				CLANG_WARN_UNREACHABLE_CODE = YES;
				CLANG_WARN__DUPLICATE_METHOD_MATCH = YES;
				COPY_PHASE_STRIP = NO;
				DEBUG_INFORMATION_FORMAT = dwarf;
				ENABLE_STRICT_OBJC_MSGSEND = YES;
				ENABLE_TESTABILITY = YES;
				GCC_C_LANGUAGE_STANDARD = gnu11;
				GCC_DYNAMIC_NO_PIC = NO;
				GCC_NO_COMMON_BLOCKS = YES;
				GCC_OPTIMIZATION_LEVEL = 0;
				GCC_PREPROCESSOR_DEFINITIONS = (
					"DEBUG=1",
					"$(inherited)",
				);
				GCC_WARN_64_TO_32_BIT_CONVERSION = YES;
				GCC_WARN_ABOUT_RETURN_TYPE = YES_ERROR;
				GCC_WARN_UNDECLARED_SELECTOR = YES;
				GCC_WARN_UNINITIALIZED_AUTOS = YES_AGGRESSIVE;
				GCC_WARN_UNUSED_FUNCTION = YES;
				GCC_WARN_UNUSED_VARIABLE = YES;
				IPHONEOS_DEPLOYMENT_TARGET = 13.4;
				MTL_ENABLE_DEBUG_INFO = INCLUDE_SOURCE;
				MTL_FAST_MATH = YES;
				ONLY_ACTIVE_ARCH = YES;
				SDKROOT = iphoneos;
				SWIFT_ACTIVE_COMPILATION_CONDITIONS = DEBUG;
				SWIFT_OPTIMIZATION_LEVEL = "-Onone";
			};
			name = Debug;
		};
		A873B066243C11F600D2A549 /* Release */ = {
			isa = XCBuildConfiguration;
			buildSettings = {
				ALWAYS_SEARCH_USER_PATHS = NO;
				CLANG_ANALYZER_NONNULL = YES;
				CLANG_ANALYZER_NUMBER_OBJECT_CONVERSION = YES_AGGRESSIVE;
				CLANG_CXX_LANGUAGE_STANDARD = "gnu++14";
				CLANG_CXX_LIBRARY = "libc++";
				CLANG_ENABLE_MODULES = YES;
				CLANG_ENABLE_OBJC_ARC = YES;
				CLANG_ENABLE_OBJC_WEAK = YES;
				CLANG_WARN_BLOCK_CAPTURE_AUTORELEASING = YES;
				CLANG_WARN_BOOL_CONVERSION = YES;
				CLANG_WARN_COMMA = YES;
				CLANG_WARN_CONSTANT_CONVERSION = YES;
				CLANG_WARN_DEPRECATED_OBJC_IMPLEMENTATIONS = YES;
				CLANG_WARN_DIRECT_OBJC_ISA_USAGE = YES_ERROR;
				CLANG_WARN_DOCUMENTATION_COMMENTS = YES;
				CLANG_WARN_EMPTY_BODY = YES;
				CLANG_WARN_ENUM_CONVERSION = YES;
				CLANG_WARN_INFINITE_RECURSION = YES;
				CLANG_WARN_INT_CONVERSION = YES;
				CLANG_WARN_NON_LITERAL_NULL_CONVERSION = YES;
				CLANG_WARN_OBJC_IMPLICIT_RETAIN_SELF = YES;
				CLANG_WARN_OBJC_LITERAL_CONVERSION = YES;
				CLANG_WARN_OBJC_ROOT_CLASS = YES_ERROR;
				CLANG_WARN_RANGE_LOOP_ANALYSIS = YES;
				CLANG_WARN_STRICT_PROTOTYPES = YES;
				CLANG_WARN_SUSPICIOUS_MOVE = YES;
				CLANG_WARN_UNGUARDED_AVAILABILITY = YES_AGGRESSIVE;
				CLANG_WARN_UNREACHABLE_CODE = YES;
				CLANG_WARN__DUPLICATE_METHOD_MATCH = YES;
				COPY_PHASE_STRIP = NO;
				DEBUG_INFORMATION_FORMAT = "dwarf-with-dsym";
				ENABLE_NS_ASSERTIONS = NO;
				ENABLE_STRICT_OBJC_MSGSEND = YES;
				GCC_C_LANGUAGE_STANDARD = gnu11;
				GCC_NO_COMMON_BLOCKS = YES;
				GCC_WARN_64_TO_32_BIT_CONVERSION = YES;
				GCC_WARN_ABOUT_RETURN_TYPE = YES_ERROR;
				GCC_WARN_UNDECLARED_SELECTOR = YES;
				GCC_WARN_UNINITIALIZED_AUTOS = YES_AGGRESSIVE;
				GCC_WARN_UNUSED_FUNCTION = YES;
				GCC_WARN_UNUSED_VARIABLE = YES;
				IPHONEOS_DEPLOYMENT_TARGET = 13.4;
				MTL_ENABLE_DEBUG_INFO = NO;
				MTL_FAST_MATH = YES;
				SDKROOT = iphoneos;
				SWIFT_COMPILATION_MODE = wholemodule;
				SWIFT_OPTIMIZATION_LEVEL = "-O";
				VALIDATE_PRODUCT = YES;
			};
			name = Release;
		};
		A873B068243C11F600D2A549 /* Debug */ = {
			isa = XCBuildConfiguration;
			buildSettings = {
				ASSETCATALOG_COMPILER_APPICON_NAME = AppIcon;
				CODE_SIGN_STYLE = Automatic;
				DEVELOPMENT_ASSET_PATHS = "\"sarahs-tent/Preview Content\"";
				ENABLE_PREVIEWS = YES;
				INFOPLIST_FILE = "sarahs-tent/Info.plist";
				LD_RUNPATH_SEARCH_PATHS = (
					"$(inherited)",
					"@executable_path/Frameworks",
				);
				PRODUCT_BUNDLE_IDENTIFIER = "MyNameisJonas.sarahs-tent";
				PRODUCT_NAME = "$(TARGET_NAME)";
				SWIFT_VERSION = 5.0;
				TARGETED_DEVICE_FAMILY = "1,2";
			};
			name = Debug;
		};
		A873B069243C11F600D2A549 /* Release */ = {
			isa = XCBuildConfiguration;
			buildSettings = {
				ASSETCATALOG_COMPILER_APPICON_NAME = AppIcon;
				CODE_SIGN_STYLE = Automatic;
				DEVELOPMENT_ASSET_PATHS = "\"sarahs-tent/Preview Content\"";
				ENABLE_PREVIEWS = YES;
				INFOPLIST_FILE = "sarahs-tent/Info.plist";
				LD_RUNPATH_SEARCH_PATHS = (
					"$(inherited)",
					"@executable_path/Frameworks",
				);
				PRODUCT_BUNDLE_IDENTIFIER = "MyNameisJonas.sarahs-tent";
				PRODUCT_NAME = "$(TARGET_NAME)";
				SWIFT_VERSION = 5.0;
				TARGETED_DEVICE_FAMILY = "1,2";
			};
			name = Release;
		};
		A873B06B243C11F600D2A549 /* Debug */ = {
			isa = XCBuildConfiguration;
			buildSettings = {
				ALWAYS_EMBED_SWIFT_STANDARD_LIBRARIES = YES;
				BUNDLE_LOADER = "$(TEST_HOST)";
				CODE_SIGN_STYLE = Automatic;
				INFOPLIST_FILE = "sarahs-tentTests/Info.plist";
				IPHONEOS_DEPLOYMENT_TARGET = 13.4;
				LD_RUNPATH_SEARCH_PATHS = (
					"$(inherited)",
					"@executable_path/Frameworks",
					"@loader_path/Frameworks",
				);
				PRODUCT_BUNDLE_IDENTIFIER = "MyNameisJonas.sarahs-tentTests";
				PRODUCT_NAME = "$(TARGET_NAME)";
				SWIFT_VERSION = 5.0;
				TARGETED_DEVICE_FAMILY = "1,2";
				TEST_HOST = "$(BUILT_PRODUCTS_DIR)/sarahs-tent.app/sarahs-tent";
			};
			name = Debug;
		};
		A873B06C243C11F600D2A549 /* Release */ = {
			isa = XCBuildConfiguration;
			buildSettings = {
				ALWAYS_EMBED_SWIFT_STANDARD_LIBRARIES = YES;
				BUNDLE_LOADER = "$(TEST_HOST)";
				CODE_SIGN_STYLE = Automatic;
				INFOPLIST_FILE = "sarahs-tentTests/Info.plist";
				IPHONEOS_DEPLOYMENT_TARGET = 13.4;
				LD_RUNPATH_SEARCH_PATHS = (
					"$(inherited)",
					"@executable_path/Frameworks",
					"@loader_path/Frameworks",
				);
				PRODUCT_BUNDLE_IDENTIFIER = "MyNameisJonas.sarahs-tentTests";
				PRODUCT_NAME = "$(TARGET_NAME)";
				SWIFT_VERSION = 5.0;
				TARGETED_DEVICE_FAMILY = "1,2";
				TEST_HOST = "$(BUILT_PRODUCTS_DIR)/sarahs-tent.app/sarahs-tent";
			};
			name = Release;
		};
		A873B06E243C11F600D2A549 /* Debug */ = {
			isa = XCBuildConfiguration;
			buildSettings = {
				ALWAYS_EMBED_SWIFT_STANDARD_LIBRARIES = YES;
				CODE_SIGN_STYLE = Automatic;
				INFOPLIST_FILE = "sarahs-tentUITests/Info.plist";
				LD_RUNPATH_SEARCH_PATHS = (
					"$(inherited)",
					"@executable_path/Frameworks",
					"@loader_path/Frameworks",
				);
				PRODUCT_BUNDLE_IDENTIFIER = "MyNameisJonas.sarahs-tentUITests";
				PRODUCT_NAME = "$(TARGET_NAME)";
				SWIFT_VERSION = 5.0;
				TARGETED_DEVICE_FAMILY = "1,2";
				TEST_TARGET_NAME = "sarahs-tent";
			};
			name = Debug;
		};
		A873B06F243C11F600D2A549 /* Release */ = {
			isa = XCBuildConfiguration;
			buildSettings = {
				ALWAYS_EMBED_SWIFT_STANDARD_LIBRARIES = YES;
				CODE_SIGN_STYLE = Automatic;
				INFOPLIST_FILE = "sarahs-tentUITests/Info.plist";
				LD_RUNPATH_SEARCH_PATHS = (
					"$(inherited)",
					"@executable_path/Frameworks",
					"@loader_path/Frameworks",
				);
				PRODUCT_BUNDLE_IDENTIFIER = "MyNameisJonas.sarahs-tentUITests";
				PRODUCT_NAME = "$(TARGET_NAME)";
				SWIFT_VERSION = 5.0;
				TARGETED_DEVICE_FAMILY = "1,2";
				TEST_TARGET_NAME = "sarahs-tent";
			};
			name = Release;
		};
/* End XCBuildConfiguration section */

/* Begin XCConfigurationList section */
		A873B038243C11F500D2A549 /* Build configuration list for PBXProject "sarahs-tent" */ = {
			isa = XCConfigurationList;
			buildConfigurations = (
				A873B065243C11F600D2A549 /* Debug */,
				A873B066243C11F600D2A549 /* Release */,
			);
			defaultConfigurationIsVisible = 0;
			defaultConfigurationName = Release;
		};
		A873B067243C11F600D2A549 /* Build configuration list for PBXNativeTarget "sarahs-tent" */ = {
			isa = XCConfigurationList;
			buildConfigurations = (
				A873B068243C11F600D2A549 /* Debug */,
				A873B069243C11F600D2A549 /* Release */,
			);
			defaultConfigurationIsVisible = 0;
			defaultConfigurationName = Release;
		};
		A873B06A243C11F600D2A549 /* Build configuration list for PBXNativeTarget "sarahs-tentTests" */ = {
			isa = XCConfigurationList;
			buildConfigurations = (
				A873B06B243C11F600D2A549 /* Debug */,
				A873B06C243C11F600D2A549 /* Release */,
			);
			defaultConfigurationIsVisible = 0;
			defaultConfigurationName = Release;
		};
		A873B06D243C11F600D2A549 /* Build configuration list for PBXNativeTarget "sarahs-tentUITests" */ = {
			isa = XCConfigurationList;
			buildConfigurations = (
				A873B06E243C11F600D2A549 /* Debug */,
				A873B06F243C11F600D2A549 /* Release */,
			);
			defaultConfigurationIsVisible = 0;
			defaultConfigurationName = Release;
		};
/* End XCConfigurationList section */
	};
	rootObject = A873B035243C11F500D2A549 /* Project object */;
}
